
Microsoft Visual Studio Solution File, Format Version 12.00
# Visual Studio Version 16
VisualStudioVersion = 16.0.31911.196
MinimumVisualStudioVersion = 10.0.40219.1
Project("{FAE04EC0-301F-11D3-BF4B-00C04F79EFBC}") = "Tuan4_VuCongThanh", "Tuan4_VuCongThanh.csproj", "{0CEB7C1F-DFD0-4CD3-B9D0-A0F9C4A390FC}"
EndProject
Global
	GlobalSection(SolutionConfigurationPlatforms) = preSolution
		Debug|Any CPU = Debug|Any CPU
		Release|Any CPU = Release|Any CPU
	EndGlobalSection
	GlobalSection(ProjectConfigurationPlatforms) = postSolution
		{0CEB7C1F-DFD0-4CD3-B9D0-A0F9C4A390FC}.Debug|Any CPU.ActiveCfg = Debug|Any CPU
		{0CEB7C1F-DFD0-4CD3-B9D0-A0F9C4A390FC}.Debug|Any CPU.Build.0 = Debug|Any CPU
		{0CEB7C1F-DFD0-4CD3-B9D0-A0F9C4A390FC}.Release|Any CPU.ActiveCfg = Release|Any CPU
		{0CEB7C1F-DFD0-4CD3-B9D0-A0F9C4A390FC}.Release|Any CPU.Build.0 = Release|Any CPU
	EndGlobalSection
	GlobalSection(SolutionProperties) = preSolution
		HideSolutionNode = FALSE
	EndGlobalSection
	GlobalSection(ExtensibilityGlobals) = postSolution
		SolutionGuid = {8032FAAE-E329-433D-8F1C-0B54C7AE068B}
	EndGlobalSection
EndGlobal
